<?xml version="1.0" encoding="utf-8"?>
<Project ToolsVersion="4.0" xmlns="http://schemas.microsoft.com/developer/msbuild/2003">
  <ItemGroup>
    <Filter Include="Source Files">
      <UniqueIdentifier>{4FC737F1-C7A5-4376-A066-2A32D752A2FF}</UniqueIdentifier>
      <Extensions>cpp;c;cc;cxx;def;odl;idl;hpj;bat;asm;asmx</Extensions>
    </Filter>
    <Filter Include="Header Files">
      <UniqueIdentifier>{93995380-89BD-4b04-88EB-625FBE52EBFB}</UniqueIdentifier>
      <Extensions>h;hpp;hxx;hm;inl;inc;xsd</Extensions>
    </Filter>
    <Filter Include="Resource Files">
      <UniqueIdentifier>{67DA6AB6-F800-4c08-8B7A-83BB121AAD01}</UniqueIdentifier>
      <Extensions>rc;ico;cur;bmp;dlg;rc2;rct;bin;rgs;gif;jpg;jpeg;jpe;resx;tiff;tif;png;wav;mfcribbon-ms</Extensions>
    </Filter>
    <Filter Include="Header Files\Database">
      <UniqueIdentifier>{10afe2de-41c5-4ea3-9534-2c854b233564}</UniqueIdentifier>
    </Filter>
    <Filter Include="Source Files\Database">
      <UniqueIdentifier>{32c0a307-8751-48ee-9b08-a925218c1056}</UniqueIdentifier>
    </Filter>
    <Filter Include="Header Files\Constants">
      <UniqueIdentifier>{dd8dabda-a858-4f52-9f22-549867cb3e28}</UniqueIdentifier>
    </Filter>
    <Filter Include="Source Files\functions">
      <UniqueIdentifier>{72bfce49-bb56-4e9a-889b-b4716b0a66b2}</UniqueIdentifier>
    </Filter>
    <Filter Include="Header Files\functions">
      <UniqueIdentifier>{170b0d70-57f8-4379-b08f-340c95d2cc35}</UniqueIdentifier>
    </Filter>
    <Filter Include="Resource Files\Database Info Files">
      <UniqueIdentifier>{c80ed418-e87c-4685-bbf3-ff7ac4009309}</UniqueIdentifier>
    </Filter>
    <Filter Include="Source Files\Classes">
      <UniqueIdentifier>{7622182a-3ef5-40be-9131-712d4e9af3a2}</UniqueIdentifier>
    </Filter>
    <Filter Include="Header Files\Classes">
      <UniqueIdentifier>{762e4b77-82be-4151-adb5-6d9b1287042b}</UniqueIdentifier>
    </Filter>
  </ItemGroup>
  <ItemGroup>
    <None Include="ReadMe.txt" />
    <None Include="app.ico">
      <Filter>Resource Files</Filter>
    </None>
    <None Include="Courses.db.info">
      <Filter>Resource Files\Database Info Files</Filter>
    </None>
    <None Include="Users.db.info">
      <Filter>Resource Files\Database Info Files</Filter>
    </None>
  </ItemGroup>
  <ItemGroup>
    <ClCompile Include="AssemblyInfo.cpp">
      <Filter>Source Files</Filter>
    </ClCompile>
    <ClCompile Include="stdafx.cpp">
      <Filter>Source Files</Filter>
    </ClCompile>
    <ClCompile Include="timingClass.cpp">
      <Filter>Source Files</Filter>
    </ClCompile>
    <ClCompile Include="DB_Core.cpp">
      <Filter>Source Files\Database</Filter>
    </ClCompile>
    <ClCompile Include="DB_Users.cpp">
      <Filter>Source Files\Database</Filter>
    </ClCompile>
    <ClCompile Include="DateClass.cpp">
      <Filter>Source Files</Filter>
    </ClCompile>
    <ClCompile Include="main.cpp">
      <Filter>Source Files</Filter>
    </ClCompile>
    <ClCompile Include="DB_Courses.cpp">
      <Filter>Source Files\Database</Filter>
    </ClCompile>
    <ClCompile Include="standard_functions.cpp">
      <Filter>Source Files\functions</Filter>
    </ClCompile>
    <ClCompile Include="DB_Template.cpp">
      <Filter>Source Files\Database</Filter>
    </ClCompile>
    <ClCompile Include="DB_Answered.cpp">
      <Filter>Source Files\Database</Filter>
    </ClCompile>
    <ClCompile Include="DB_Enrolled.cpp">
      <Filter>Source Files\Database</Filter>
    </ClCompile>
    <ClCompile Include="DB_QuizQuestions.cpp">
      <Filter>Source Files\Database</Filter>
    </ClCompile>
    <ClCompile Include="DB_Quizzes.cpp">
      <Filter>Source Files\Database</Filter>
    </ClCompile>
    <ClCompile Include="DB_Scores.cpp">
      <Filter>Source Files\Database</Filter>
    </ClCompile>
    <ClCompile Include="DB.cpp">
      <Filter>Source Files\Database</Filter>
    </ClCompile>
    <ClCompile Include="User.cpp">
      <Filter>Source Files\Classes</Filter>
    </ClCompile>
  </ItemGroup>
  <ItemGroup>
    <ClInclude Include="stdafx.h">
      <Filter>Header Files</Filter>
    </ClInclude>
    <ClInclude Include="resource.h">
      <Filter>Header Files</Filter>
    </ClInclude>
    <ClInclude Include="main_form.h">
      <Filter>Header Files</Filter>
    </ClInclude>
    <ClInclude Include="timingClass.h">
      <Filter>Header Files</Filter>
    </ClInclude>
    <ClInclude Include="DB_Core.h">
      <Filter>Header Files\Database</Filter>
    </ClInclude>
    <ClInclude Include="DateClass.h">
      <Filter>Header Files</Filter>
    </ClInclude>
    <ClInclude Include="date_constants.h">
      <Filter>Header Files\Constants</Filter>
    </ClInclude>
    <ClInclude Include="database_structures.h">
      <Filter>Header Files\Constants</Filter>
    </ClInclude>
    <ClInclude Include="DB_Courses.h">
      <Filter>Header Files\Database</Filter>
    </ClInclude>
    <ClInclude Include="DB_Users.h">
      <Filter>Header Files\Database</Filter>
    </ClInclude>
    <ClInclude Include="standard_functions.h">
      <Filter>Header Files\functions</Filter>
    </ClInclude>
    <ClInclude Include="DB_Template.h">
      <Filter>Header Files\Database</Filter>
    </ClInclude>
    <ClInclude Include="DB_Enrolled.h">
      <Filter>Header Files\Database</Filter>
    </ClInclude>
    <ClInclude Include="DB_Quizzes.h">
      <Filter>Header Files\Database</Filter>
    </ClInclude>
    <ClInclude Include="DB_QuizQuestions.h">
      <Filter>Header Files\Database</Filter>
    </ClInclude>
    <ClInclude Include="DB_Answered.h">
      <Filter>Header Files\Database</Filter>
    </ClInclude>
    <ClInclude Include="DB_Scores.h">
      <Filter>Header Files\Database</Filter>
    </ClInclude>
    <ClInclude Include="DB.h">
      <Filter>Header Files\Database</Filter>
    </ClInclude>
    <ClInclude Include="User.h">
      <Filter>Header Files\Classes</Filter>
    </ClInclude>
    <ClInclude Include="core_header.h">
      <Filter>Header Files</Filter>
    </ClInclude>
  </ItemGroup>
  <ItemGroup>
    <ResourceCompile Include="app.rc">
      <Filter>Resource Files</Filter>
    </ResourceCompile>
  </ItemGroup>
  <ItemGroup>
    <EmbeddedResource Include="main_form.resX">
      <Filter>Resource Files</Filter>
    </EmbeddedResource>
  </ItemGroup>
</Project>